
Microsoft Visual Studio Solution File, Format Version 12.00
Project("{F2A71F9B-5D33-465A-A702-920D77279786}") = "spbu_f_sharp", "spbu_f_sharp\spbu_f_sharp.fsproj", "{F39FD18A-AC3B-4206-9F01-6EEA6C171A46}"
EndProject
Project("{2150E333-8FDC-42A3-9474-1A3956D46DE8}") = "Homework", "Homework", "{4CF420A7-CE7F-499C-83F1-DCC37A2576B2}"
EndProject
Project("{2150E333-8FDC-42A3-9474-1A3956D46DE8}") = "Hw4", "Hw4", "{502E4098-038B-4733-B252-C90384CA35CD}"
EndProject
Project("{2150E333-8FDC-42A3-9474-1A3956D46DE8}") = "Task1", "Task1", "{4F8402FE-2E25-4D34-8C20-ECD560121521}"
EndProject
Project("{F2A71F9B-5D33-465A-A702-920D77279786}") = "Brackets", "Brackets\Brackets.fsproj", "{3E1D04D3-B115-48A2-A9FD-72285863E452}"
EndProject
Project("{F2A71F9B-5D33-465A-A702-920D77279786}") = "TestBrackets", "TestBrackets\TestBrackets.fsproj", "{0271B2B3-3BBF-4082-A217-3EF75FD28DD3}"
EndProject
Global
	GlobalSection(SolutionConfigurationPlatforms) = preSolution
		Debug|Any CPU = Debug|Any CPU
		Release|Any CPU = Release|Any CPU
	EndGlobalSection
	GlobalSection(ProjectConfigurationPlatforms) = postSolution
		{F39FD18A-AC3B-4206-9F01-6EEA6C171A46}.Debug|Any CPU.ActiveCfg = Debug|Any CPU
		{F39FD18A-AC3B-4206-9F01-6EEA6C171A46}.Debug|Any CPU.Build.0 = Debug|Any CPU
		{F39FD18A-AC3B-4206-9F01-6EEA6C171A46}.Release|Any CPU.ActiveCfg = Release|Any CPU
		{F39FD18A-AC3B-4206-9F01-6EEA6C171A46}.Release|Any CPU.Build.0 = Release|Any CPU
		{3E1D04D3-B115-48A2-A9FD-72285863E452}.Debug|Any CPU.ActiveCfg = Debug|Any CPU
		{3E1D04D3-B115-48A2-A9FD-72285863E452}.Debug|Any CPU.Build.0 = Debug|Any CPU
		{3E1D04D3-B115-48A2-A9FD-72285863E452}.Release|Any CPU.ActiveCfg = Release|Any CPU
		{3E1D04D3-B115-48A2-A9FD-72285863E452}.Release|Any CPU.Build.0 = Release|Any CPU
		{0271B2B3-3BBF-4082-A217-3EF75FD28DD3}.Debug|Any CPU.ActiveCfg = Debug|Any CPU
		{0271B2B3-3BBF-4082-A217-3EF75FD28DD3}.Debug|Any CPU.Build.0 = Debug|Any CPU
		{0271B2B3-3BBF-4082-A217-3EF75FD28DD3}.Release|Any CPU.ActiveCfg = Release|Any CPU
		{0271B2B3-3BBF-4082-A217-3EF75FD28DD3}.Release|Any CPU.Build.0 = Release|Any CPU
	EndGlobalSection
	GlobalSection(NestedProjects) = preSolution
		{502E4098-038B-4733-B252-C90384CA35CD} = {4CF420A7-CE7F-499C-83F1-DCC37A2576B2}
		{4F8402FE-2E25-4D34-8C20-ECD560121521} = {502E4098-038B-4733-B252-C90384CA35CD}
		{3E1D04D3-B115-48A2-A9FD-72285863E452} = {4F8402FE-2E25-4D34-8C20-ECD560121521}
		{0271B2B3-3BBF-4082-A217-3EF75FD28DD3} = {4F8402FE-2E25-4D34-8C20-ECD560121521}
	EndGlobalSection
EndGlobal
